
Microsoft Visual Studio Solution File, Format Version 12.00
# Visual Studio 15
VisualStudioVersion = 15.0.26430.6
MinimumVisualStudioVersion = 10.0.40219.1
Project("{FAE04EC0-301F-11D3-BF4B-00C04F79EFBC}") = "VertexColoring.BenchmarkApp", "src\VertexColoring.BenchmarkApp\VertexColoring.BenchmarkApp.csproj", "{746D6296-46F9-4F92-BD1B-CC0CD77F99D0}"
EndProject
Project("{2150E333-8FDC-42A3-9474-1A3956D46DE8}") = "src", "src", "{BA9CED21-0658-4680-805C-C9A0FFF8A67C}"
EndProject
Project("{FAE04EC0-301F-11D3-BF4B-00C04F79EFBC}") = "VertexColoring.Graphs", "src\VertexColoring.Graphs\VertexColoring.Graphs.csproj", "{154DE8DD-E0AA-4766-A9E2-0F6D157A0DC1}"
EndProject
Project("{2150E333-8FDC-42A3-9474-1A3956D46DE8}") = "tests", "tests", "{529D5DA6-85AD-4DF4-9836-ACE530D26A32}"
EndProject
Project("{FAE04EC0-301F-11D3-BF4B-00C04F79EFBC}") = "VertexColoring.Graphs.Tests", "tests\VertexColoring.Graphs.Tests\VertexColoring.Graphs.Tests.csproj", "{A6588FDF-0A8F-4C86-9734-F11C0480E35C}"
EndProject
Global
	GlobalSection(SolutionConfigurationPlatforms) = preSolution
		Debug|Any CPU = Debug|Any CPU
		Release|Any CPU = Release|Any CPU
	EndGlobalSection
	GlobalSection(ProjectConfigurationPlatforms) = postSolution
		{746D6296-46F9-4F92-BD1B-CC0CD77F99D0}.Debug|Any CPU.ActiveCfg = Debug|Any CPU
		{746D6296-46F9-4F92-BD1B-CC0CD77F99D0}.Debug|Any CPU.Build.0 = Debug|Any CPU
		{746D6296-46F9-4F92-BD1B-CC0CD77F99D0}.Release|Any CPU.ActiveCfg = Release|Any CPU
		{746D6296-46F9-4F92-BD1B-CC0CD77F99D0}.Release|Any CPU.Build.0 = Release|Any CPU
		{154DE8DD-E0AA-4766-A9E2-0F6D157A0DC1}.Debug|Any CPU.ActiveCfg = Debug|Any CPU
		{154DE8DD-E0AA-4766-A9E2-0F6D157A0DC1}.Debug|Any CPU.Build.0 = Debug|Any CPU
		{154DE8DD-E0AA-4766-A9E2-0F6D157A0DC1}.Release|Any CPU.ActiveCfg = Release|Any CPU
		{154DE8DD-E0AA-4766-A9E2-0F6D157A0DC1}.Release|Any CPU.Build.0 = Release|Any CPU
		{A6588FDF-0A8F-4C86-9734-F11C0480E35C}.Debug|Any CPU.ActiveCfg = Debug|Any CPU
		{A6588FDF-0A8F-4C86-9734-F11C0480E35C}.Debug|Any CPU.Build.0 = Debug|Any CPU
		{A6588FDF-0A8F-4C86-9734-F11C0480E35C}.Release|Any CPU.ActiveCfg = Release|Any CPU
		{A6588FDF-0A8F-4C86-9734-F11C0480E35C}.Release|Any CPU.Build.0 = Release|Any CPU
	EndGlobalSection
	GlobalSection(SolutionProperties) = preSolution
		HideSolutionNode = FALSE
	EndGlobalSection
	GlobalSection(NestedProjects) = preSolution
		{746D6296-46F9-4F92-BD1B-CC0CD77F99D0} = {BA9CED21-0658-4680-805C-C9A0FFF8A67C}
		{154DE8DD-E0AA-4766-A9E2-0F6D157A0DC1} = {BA9CED21-0658-4680-805C-C9A0FFF8A67C}
		{A6588FDF-0A8F-4C86-9734-F11C0480E35C} = {529D5DA6-85AD-4DF4-9836-ACE530D26A32}
	EndGlobalSection
EndGlobal
